
Microsoft Visual Studio Solution File, Format Version 12.00
# Visual Studio 15
VisualStudioVersion = 15.0.27428.2011
MinimumVisualStudioVersion = 10.0.40219.1
Project("{FAE04EC0-301F-11D3-BF4B-00C04F79EFBC}") = "DummyFilesGenerator", "ConsoleApp7\DummyFilesGenerator.csproj", "{B95645DF-8E80-4529-9D9C-23B4C9C5C99E}"
EndProject
Global
	GlobalSection(SolutionConfigurationPlatforms) = preSolution
		Debug|Any CPU = Debug|Any CPU
		Release|Any CPU = Release|Any CPU
	EndGlobalSection
	GlobalSection(ProjectConfigurationPlatforms) = postSolution
		{B95645DF-8E80-4529-9D9C-23B4C9C5C99E}.Debug|Any CPU.ActiveCfg = Debug|Any CPU
		{B95645DF-8E80-4529-9D9C-23B4C9C5C99E}.Debug|Any CPU.Build.0 = Debug|Any CPU
		{B95645DF-8E80-4529-9D9C-23B4C9C5C99E}.Release|Any CPU.ActiveCfg = Release|Any CPU
		{B95645DF-8E80-4529-9D9C-23B4C9C5C99E}.Release|Any CPU.Build.0 = Release|Any CPU
	EndGlobalSection
	GlobalSection(SolutionProperties) = preSolution
		HideSolutionNode = FALSE
	EndGlobalSection
	GlobalSection(ExtensibilityGlobals) = postSolution
		SolutionGuid = {E43929FD-8771-49F8-B48E-C781222B73FE}
	EndGlobalSection
EndGlobal
